
Microsoft Visual Studio Solution File, Format Version 12.00
# Visual Studio 2013
VisualStudioVersion = 12.0.30501.0
MinimumVisualStudioVersion = 10.0.40219.1
Project("{FAE04EC0-301F-11D3-BF4B-00C04F79EFBC}") = "CLAS", "CLAS\CLAS.csproj", "{70F58197-47A8-4151-BADE-547C6A4D963B}"
EndProject
Project("{FAE04EC0-301F-11D3-BF4B-00C04F79EFBC}") = "CLAS.API", "CLAS.API\CLAS.API.csproj", "{571501E4-8884-4676-B65D-FA9664839F8C}"
EndProject
Project("{FAE04EC0-301F-11D3-BF4B-00C04F79EFBC}") = "CLAS.Admin", "CLAS.Admin\CLAS.Admin.csproj", "{7A61F361-B518-42FA-B26B-2DD6C9C9C38D}"
EndProject
Project("{2150E333-8FDC-42A3-9474-1A3956D46DE8}") = "Presentation", "Presentation", "{9700B0AF-36F2-4B5D-AC50-863AD81731D0}"
EndProject
Project("{2150E333-8FDC-42A3-9474-1A3956D46DE8}") = "Client", "Client", "{DFE1FB9E-D412-4368-8717-7F91A6A57EC4}"
EndProject
Project("{2150E333-8FDC-42A3-9474-1A3956D46DE8}") = "Bll", "Bll", "{CCBB9D38-F382-4D2F-BFFD-7679B71259C4}"
EndProject
Project("{2150E333-8FDC-42A3-9474-1A3956D46DE8}") = "Data", "Data", "{EE7E6D36-8FEA-4930-B339-09EB76B009B2}"
EndProject
Project("{FAE04EC0-301F-11D3-BF4B-00C04F79EFBC}") = "CASL.Bll", "CASL.Bll\CASL.Bll.csproj", "{B4199C1E-4332-4914-82CE-AA335F9C14F8}"
EndProject
Project("{FAE04EC0-301F-11D3-BF4B-00C04F79EFBC}") = "CLAS.Data", "CLAS.Data\CLAS.Data.csproj", "{540E21EE-F510-4031-A391-32B61079C171}"
EndProject
Project("{FAE04EC0-301F-11D3-BF4B-00C04F79EFBC}") = "LocalTest", "LocalTest\LocalTest.csproj", "{5A2771CE-774D-426D-ADF8-1258AA85106A}"
EndProject
Global
	GlobalSection(SolutionConfigurationPlatforms) = preSolution
		Debug|Any CPU = Debug|Any CPU
		Release|Any CPU = Release|Any CPU
	EndGlobalSection
	GlobalSection(ProjectConfigurationPlatforms) = postSolution
		{70F58197-47A8-4151-BADE-547C6A4D963B}.Debug|Any CPU.ActiveCfg = Debug|Any CPU
		{70F58197-47A8-4151-BADE-547C6A4D963B}.Debug|Any CPU.Build.0 = Debug|Any CPU
		{70F58197-47A8-4151-BADE-547C6A4D963B}.Release|Any CPU.ActiveCfg = Release|Any CPU
		{70F58197-47A8-4151-BADE-547C6A4D963B}.Release|Any CPU.Build.0 = Release|Any CPU
		{571501E4-8884-4676-B65D-FA9664839F8C}.Debug|Any CPU.ActiveCfg = Debug|Any CPU
		{571501E4-8884-4676-B65D-FA9664839F8C}.Debug|Any CPU.Build.0 = Debug|Any CPU
		{571501E4-8884-4676-B65D-FA9664839F8C}.Release|Any CPU.ActiveCfg = Release|Any CPU
		{571501E4-8884-4676-B65D-FA9664839F8C}.Release|Any CPU.Build.0 = Release|Any CPU
		{7A61F361-B518-42FA-B26B-2DD6C9C9C38D}.Debug|Any CPU.ActiveCfg = Debug|Any CPU
		{7A61F361-B518-42FA-B26B-2DD6C9C9C38D}.Debug|Any CPU.Build.0 = Debug|Any CPU
		{7A61F361-B518-42FA-B26B-2DD6C9C9C38D}.Release|Any CPU.ActiveCfg = Release|Any CPU
		{7A61F361-B518-42FA-B26B-2DD6C9C9C38D}.Release|Any CPU.Build.0 = Release|Any CPU
		{B4199C1E-4332-4914-82CE-AA335F9C14F8}.Debug|Any CPU.ActiveCfg = Debug|Any CPU
		{B4199C1E-4332-4914-82CE-AA335F9C14F8}.Debug|Any CPU.Build.0 = Debug|Any CPU
		{B4199C1E-4332-4914-82CE-AA335F9C14F8}.Release|Any CPU.ActiveCfg = Release|Any CPU
		{B4199C1E-4332-4914-82CE-AA335F9C14F8}.Release|Any CPU.Build.0 = Release|Any CPU
		{540E21EE-F510-4031-A391-32B61079C171}.Debug|Any CPU.ActiveCfg = Debug|Any CPU
		{540E21EE-F510-4031-A391-32B61079C171}.Debug|Any CPU.Build.0 = Debug|Any CPU
		{540E21EE-F510-4031-A391-32B61079C171}.Release|Any CPU.ActiveCfg = Release|Any CPU
		{540E21EE-F510-4031-A391-32B61079C171}.Release|Any CPU.Build.0 = Release|Any CPU
		{5A2771CE-774D-426D-ADF8-1258AA85106A}.Debug|Any CPU.ActiveCfg = Debug|Any CPU
		{5A2771CE-774D-426D-ADF8-1258AA85106A}.Debug|Any CPU.Build.0 = Debug|Any CPU
		{5A2771CE-774D-426D-ADF8-1258AA85106A}.Release|Any CPU.ActiveCfg = Release|Any CPU
		{5A2771CE-774D-426D-ADF8-1258AA85106A}.Release|Any CPU.Build.0 = Release|Any CPU
	EndGlobalSection
	GlobalSection(SolutionProperties) = preSolution
		HideSolutionNode = FALSE
	EndGlobalSection
	GlobalSection(NestedProjects) = preSolution
		{70F58197-47A8-4151-BADE-547C6A4D963B} = {DFE1FB9E-D412-4368-8717-7F91A6A57EC4}
		{571501E4-8884-4676-B65D-FA9664839F8C} = {9700B0AF-36F2-4B5D-AC50-863AD81731D0}
		{7A61F361-B518-42FA-B26B-2DD6C9C9C38D} = {9700B0AF-36F2-4B5D-AC50-863AD81731D0}
		{B4199C1E-4332-4914-82CE-AA335F9C14F8} = {CCBB9D38-F382-4D2F-BFFD-7679B71259C4}
		{540E21EE-F510-4031-A391-32B61079C171} = {EE7E6D36-8FEA-4930-B339-09EB76B009B2}
		{5A2771CE-774D-426D-ADF8-1258AA85106A} = {DFE1FB9E-D412-4368-8717-7F91A6A57EC4}
	EndGlobalSection
EndGlobal
